
Microsoft Visual Studio Solution File, Format Version 12.00
# Visual Studio Version 17
VisualStudioVersion = 17.4.32804.182
MinimumVisualStudioVersion = 10.0.40219.1
Project("{2150E333-8FDC-42A3-9474-1A3956D46DE8}") = "demo", "demo", "{4536E7FC-FB48-4B7A-A59D-E27095C3FFD2}"
EndProject
Project("{9A19103F-16F7-4668-BE54-9A1E7A4F7556}") = "UraniumApp", "demo\UraniumApp\UraniumApp.csproj", "{18739C30-B705-4F5C-8785-FF26E3558875}"
EndProject
Project("{2150E333-8FDC-42A3-9474-1A3956D46DE8}") = "src", "src", "{32493E5D-A757-4289-A168-DA0E8DDE9B29}"
EndProject
Project("{9A19103F-16F7-4668-BE54-9A1E7A4F7556}") = "UraniumUI", "src\UraniumUI\UraniumUI.csproj", "{11132496-C4D9-4DDA-BED7-6E143A35735A}"
EndProject
Project("{2150E333-8FDC-42A3-9474-1A3956D46DE8}") = "themes", "themes", "{3175CAD5-73A1-4CC4-B901-C0BF6DFD5DBF}"
EndProject
Project("{9A19103F-16F7-4668-BE54-9A1E7A4F7556}") = "UraniumUI.Material", "src\UraniumUI.Material\UraniumUI.Material.csproj", "{FA8B7299-0352-482B-8C0C-C8D843AE497A}"
EndProject
Project("{9A19103F-16F7-4668-BE54-9A1E7A4F7556}") = "UraniumUI.Icons.FontAwesome", "src\UraniumUI.Icons.FontAwesome\UraniumUI.Icons.FontAwesome.csproj", "{1262EB3C-6AE6-4A2F-A5EB-BCEB83ACCDE9}"
EndProject
Project("{9A19103F-16F7-4668-BE54-9A1E7A4F7556}") = "UraniumUI.Icons.MaterialIcons", "src\UraniumUI.Icons.MaterialIcons\UraniumUI.Icons.MaterialIcons.csproj", "{E11CF025-6E1F-4DE9-B1EB-503D63583937}"
EndProject
Project("{2150E333-8FDC-42A3-9474-1A3956D46DE8}") = "test", "test", "{B1C4067C-DAE1-4650-9EDA-7F555A2094E5}"
EndProject
Project("{9A19103F-16F7-4668-BE54-9A1E7A4F7556}") = "UraniumUI.Tests.Core", "test\UraniumUI.Tests.Core\UraniumUI.Tests.Core.csproj", "{823535E1-3941-47BB-AE72-C31C582A5965}"
EndProject
Project("{9A19103F-16F7-4668-BE54-9A1E7A4F7556}") = "UraniumUI.Tests", "test\UraniumUI.Tests\UraniumUI.Tests.csproj", "{D31A541B-B3B1-4697-B7DC-AF718899A07E}"
EndProject
Project("{9A19103F-16F7-4668-BE54-9A1E7A4F7556}") = "UraniumUI.Material.Tests", "test\UraniumUI.Material.Tests\UraniumUI.Material.Tests.csproj", "{C2BD49C5-9F27-4C21-B1BC-D8A93A79F376}"
EndProject
Project("{9A19103F-16F7-4668-BE54-9A1E7A4F7556}") = "UraniumUI.Validations.DataAnnotations", "src\UraniumUI.Validations.DataAnnotations\UraniumUI.Validations.DataAnnotations.csproj", "{67A0CB34-D871-47BB-A9E0-80CA328BA144}"
EndProject
Project("{9A19103F-16F7-4668-BE54-9A1E7A4F7556}") = "UraniumUI.Dialogs.CommunityToolkit", "src\UraniumUI.Dialogs.CommunityToolkit\UraniumUI.Dialogs.CommunityToolkit.csproj", "{C7CC898A-8047-4D39-A8DE-44A80E99445F}"
EndProject
Project("{9A19103F-16F7-4668-BE54-9A1E7A4F7556}") = "UraniumUI.Dialogs.Mopups", "src\UraniumUI.Dialogs.Mopups\UraniumUI.Dialogs.Mopups.csproj", "{3AD9C27A-3227-463A-81F4-8AA5FF4DB542}"
EndProject
Project("{9A19103F-16F7-4668-BE54-9A1E7A4F7556}") = "UraniumUI.Blurs", "src\UraniumUI.Blurs\UraniumUI.Blurs.csproj", "{D44173B6-CA42-4F97-BB3C-9F8CC62C4340}"
EndProject
Project("{9A19103F-16F7-4668-BE54-9A1E7A4F7556}") = "UraniumUI.WebComponents", "src\UraniumUI.WebComponents\UraniumUI.WebComponents.csproj", "{78F7207D-B804-499B-97F5-8EA1D0EA9DA2}"
EndProject
Project("{FAE04EC0-301F-11D3-BF4B-00C04F79EFBC}") = "UraniumUI.Icons.SegoeFluent", "src\UraniumUI.Icons.SegoeFluent\UraniumUI.Icons.SegoeFluent.csproj", "{D146428B-5B37-4614-A6F4-2E9716E0CC08}"
EndProject
Project("{FAE04EC0-301F-11D3-BF4B-00C04F79EFBC}") = "UraniumUI.Icons.MaterialSymbols", "src\UraniumUI.Icons.MaterialSymbols\UraniumUI.Icons.MaterialSymbols.csproj", "{5F8A8D64-6B4F-4936-A2A5-A4765FFDD6AE}"
EndProject
Global
	GlobalSection(SolutionConfigurationPlatforms) = preSolution
		Debug|Any CPU = Debug|Any CPU
		Release|Any CPU = Release|Any CPU
	EndGlobalSection
	GlobalSection(ProjectConfigurationPlatforms) = postSolution
		{18739C30-B705-4F5C-8785-FF26E3558875}.Debug|Any CPU.ActiveCfg = Debug|Any CPU
		{18739C30-B705-4F5C-8785-FF26E3558875}.Debug|Any CPU.Build.0 = Debug|Any CPU
		{18739C30-B705-4F5C-8785-FF26E3558875}.Debug|Any CPU.Deploy.0 = Debug|Any CPU
		{18739C30-B705-4F5C-8785-FF26E3558875}.Release|Any CPU.ActiveCfg = Release|Any CPU
		{18739C30-B705-4F5C-8785-FF26E3558875}.Release|Any CPU.Build.0 = Release|Any CPU
		{18739C30-B705-4F5C-8785-FF26E3558875}.Release|Any CPU.Deploy.0 = Release|Any CPU
		{11132496-C4D9-4DDA-BED7-6E143A35735A}.Debug|Any CPU.ActiveCfg = Debug|Any CPU
		{11132496-C4D9-4DDA-BED7-6E143A35735A}.Debug|Any CPU.Build.0 = Debug|Any CPU
		{11132496-C4D9-4DDA-BED7-6E143A35735A}.Release|Any CPU.ActiveCfg = Release|Any CPU
		{11132496-C4D9-4DDA-BED7-6E143A35735A}.Release|Any CPU.Build.0 = Release|Any CPU
		{11132496-C4D9-4DDA-BED7-6E143A35735A}.Release|Any CPU.Deploy.0 = Release|Any CPU
		{FA8B7299-0352-482B-8C0C-C8D843AE497A}.Debug|Any CPU.ActiveCfg = Debug|Any CPU
		{FA8B7299-0352-482B-8C0C-C8D843AE497A}.Debug|Any CPU.Build.0 = Debug|Any CPU
		{FA8B7299-0352-482B-8C0C-C8D843AE497A}.Release|Any CPU.ActiveCfg = Release|Any CPU
		{FA8B7299-0352-482B-8C0C-C8D843AE497A}.Release|Any CPU.Build.0 = Release|Any CPU
		{FA8B7299-0352-482B-8C0C-C8D843AE497A}.Release|Any CPU.Deploy.0 = Release|Any CPU
		{1262EB3C-6AE6-4A2F-A5EB-BCEB83ACCDE9}.Debug|Any CPU.ActiveCfg = Debug|Any CPU
		{1262EB3C-6AE6-4A2F-A5EB-BCEB83ACCDE9}.Debug|Any CPU.Build.0 = Debug|Any CPU
		{1262EB3C-6AE6-4A2F-A5EB-BCEB83ACCDE9}.Release|Any CPU.ActiveCfg = Release|Any CPU
		{1262EB3C-6AE6-4A2F-A5EB-BCEB83ACCDE9}.Release|Any CPU.Build.0 = Release|Any CPU
		{1262EB3C-6AE6-4A2F-A5EB-BCEB83ACCDE9}.Release|Any CPU.Deploy.0 = Release|Any CPU
		{E11CF025-6E1F-4DE9-B1EB-503D63583937}.Debug|Any CPU.ActiveCfg = Debug|Any CPU
		{E11CF025-6E1F-4DE9-B1EB-503D63583937}.Debug|Any CPU.Build.0 = Debug|Any CPU
		{E11CF025-6E1F-4DE9-B1EB-503D63583937}.Release|Any CPU.ActiveCfg = Release|Any CPU
		{E11CF025-6E1F-4DE9-B1EB-503D63583937}.Release|Any CPU.Build.0 = Release|Any CPU
		{E11CF025-6E1F-4DE9-B1EB-503D63583937}.Release|Any CPU.Deploy.0 = Release|Any CPU
		{823535E1-3941-47BB-AE72-C31C582A5965}.Debug|Any CPU.ActiveCfg = Debug|Any CPU
		{823535E1-3941-47BB-AE72-C31C582A5965}.Debug|Any CPU.Build.0 = Debug|Any CPU
		{823535E1-3941-47BB-AE72-C31C582A5965}.Release|Any CPU.ActiveCfg = Release|Any CPU
		{823535E1-3941-47BB-AE72-C31C582A5965}.Release|Any CPU.Build.0 = Release|Any CPU
		{D31A541B-B3B1-4697-B7DC-AF718899A07E}.Debug|Any CPU.ActiveCfg = Debug|Any CPU
		{D31A541B-B3B1-4697-B7DC-AF718899A07E}.Debug|Any CPU.Build.0 = Debug|Any CPU
		{D31A541B-B3B1-4697-B7DC-AF718899A07E}.Release|Any CPU.ActiveCfg = Release|Any CPU
		{D31A541B-B3B1-4697-B7DC-AF718899A07E}.Release|Any CPU.Build.0 = Release|Any CPU
		{C2BD49C5-9F27-4C21-B1BC-D8A93A79F376}.Debug|Any CPU.ActiveCfg = Debug|Any CPU
		{C2BD49C5-9F27-4C21-B1BC-D8A93A79F376}.Debug|Any CPU.Build.0 = Debug|Any CPU
		{C2BD49C5-9F27-4C21-B1BC-D8A93A79F376}.Release|Any CPU.ActiveCfg = Release|Any CPU
		{C2BD49C5-9F27-4C21-B1BC-D8A93A79F376}.Release|Any CPU.Build.0 = Release|Any CPU
		{67A0CB34-D871-47BB-A9E0-80CA328BA144}.Debug|Any CPU.ActiveCfg = Debug|Any CPU
		{67A0CB34-D871-47BB-A9E0-80CA328BA144}.Debug|Any CPU.Build.0 = Debug|Any CPU
		{67A0CB34-D871-47BB-A9E0-80CA328BA144}.Release|Any CPU.ActiveCfg = Release|Any CPU
		{67A0CB34-D871-47BB-A9E0-80CA328BA144}.Release|Any CPU.Build.0 = Release|Any CPU
		{C7CC898A-8047-4D39-A8DE-44A80E99445F}.Debug|Any CPU.ActiveCfg = Debug|Any CPU
		{C7CC898A-8047-4D39-A8DE-44A80E99445F}.Debug|Any CPU.Build.0 = Debug|Any CPU
		{C7CC898A-8047-4D39-A8DE-44A80E99445F}.Release|Any CPU.ActiveCfg = Release|Any CPU
		{C7CC898A-8047-4D39-A8DE-44A80E99445F}.Release|Any CPU.Build.0 = Release|Any CPU
		{3AD9C27A-3227-463A-81F4-8AA5FF4DB542}.Debug|Any CPU.ActiveCfg = Debug|Any CPU
		{3AD9C27A-3227-463A-81F4-8AA5FF4DB542}.Debug|Any CPU.Build.0 = Debug|Any CPU
		{3AD9C27A-3227-463A-81F4-8AA5FF4DB542}.Release|Any CPU.ActiveCfg = Release|Any CPU
		{3AD9C27A-3227-463A-81F4-8AA5FF4DB542}.Release|Any CPU.Build.0 = Release|Any CPU
		{D44173B6-CA42-4F97-BB3C-9F8CC62C4340}.Debug|Any CPU.ActiveCfg = Debug|Any CPU
		{D44173B6-CA42-4F97-BB3C-9F8CC62C4340}.Debug|Any CPU.Build.0 = Debug|Any CPU
		{D44173B6-CA42-4F97-BB3C-9F8CC62C4340}.Release|Any CPU.ActiveCfg = Release|Any CPU
		{D44173B6-CA42-4F97-BB3C-9F8CC62C4340}.Release|Any CPU.Build.0 = Release|Any CPU
		{78F7207D-B804-499B-97F5-8EA1D0EA9DA2}.Debug|Any CPU.ActiveCfg = Debug|Any CPU
		{78F7207D-B804-499B-97F5-8EA1D0EA9DA2}.Debug|Any CPU.Build.0 = Debug|Any CPU
		{78F7207D-B804-499B-97F5-8EA1D0EA9DA2}.Release|Any CPU.ActiveCfg = Release|Any CPU
		{78F7207D-B804-499B-97F5-8EA1D0EA9DA2}.Release|Any CPU.Build.0 = Release|Any CPU
		{D146428B-5B37-4614-A6F4-2E9716E0CC08}.Debug|Any CPU.ActiveCfg = Debug|Any CPU
		{D146428B-5B37-4614-A6F4-2E9716E0CC08}.Debug|Any CPU.Build.0 = Debug|Any CPU
		{D146428B-5B37-4614-A6F4-2E9716E0CC08}.Release|Any CPU.ActiveCfg = Release|Any CPU
		{D146428B-5B37-4614-A6F4-2E9716E0CC08}.Release|Any CPU.Build.0 = Release|Any CPU
		{5F8A8D64-6B4F-4936-A2A5-A4765FFDD6AE}.Debug|Any CPU.ActiveCfg = Debug|Any CPU
		{5F8A8D64-6B4F-4936-A2A5-A4765FFDD6AE}.Debug|Any CPU.Build.0 = Debug|Any CPU
		{5F8A8D64-6B4F-4936-A2A5-A4765FFDD6AE}.Release|Any CPU.ActiveCfg = Release|Any CPU
		{5F8A8D64-6B4F-4936-A2A5-A4765FFDD6AE}.Release|Any CPU.Build.0 = Release|Any CPU
	EndGlobalSection
	GlobalSection(SolutionProperties) = preSolution
		HideSolutionNode = FALSE
	EndGlobalSection
	GlobalSection(NestedProjects) = preSolution
		{18739C30-B705-4F5C-8785-FF26E3558875} = {4536E7FC-FB48-4B7A-A59D-E27095C3FFD2}
		{11132496-C4D9-4DDA-BED7-6E143A35735A} = {32493E5D-A757-4289-A168-DA0E8DDE9B29}
		{FA8B7299-0352-482B-8C0C-C8D843AE497A} = {32493E5D-A757-4289-A168-DA0E8DDE9B29}
		{1262EB3C-6AE6-4A2F-A5EB-BCEB83ACCDE9} = {32493E5D-A757-4289-A168-DA0E8DDE9B29}
		{E11CF025-6E1F-4DE9-B1EB-503D63583937} = {32493E5D-A757-4289-A168-DA0E8DDE9B29}
		{823535E1-3941-47BB-AE72-C31C582A5965} = {B1C4067C-DAE1-4650-9EDA-7F555A2094E5}
		{D31A541B-B3B1-4697-B7DC-AF718899A07E} = {B1C4067C-DAE1-4650-9EDA-7F555A2094E5}
		{C2BD49C5-9F27-4C21-B1BC-D8A93A79F376} = {B1C4067C-DAE1-4650-9EDA-7F555A2094E5}
		{67A0CB34-D871-47BB-A9E0-80CA328BA144} = {32493E5D-A757-4289-A168-DA0E8DDE9B29}
		{C7CC898A-8047-4D39-A8DE-44A80E99445F} = {32493E5D-A757-4289-A168-DA0E8DDE9B29}
		{3AD9C27A-3227-463A-81F4-8AA5FF4DB542} = {32493E5D-A757-4289-A168-DA0E8DDE9B29}
		{D44173B6-CA42-4F97-BB3C-9F8CC62C4340} = {32493E5D-A757-4289-A168-DA0E8DDE9B29}
		{78F7207D-B804-499B-97F5-8EA1D0EA9DA2} = {32493E5D-A757-4289-A168-DA0E8DDE9B29}
		{D146428B-5B37-4614-A6F4-2E9716E0CC08} = {32493E5D-A757-4289-A168-DA0E8DDE9B29}
		{5F8A8D64-6B4F-4936-A2A5-A4765FFDD6AE} = {32493E5D-A757-4289-A168-DA0E8DDE9B29}
	EndGlobalSection
	GlobalSection(ExtensibilityGlobals) = postSolution
		SolutionGuid = {31946918-5DA1-40D1-8BD7-6834BB21D0FF}
	EndGlobalSection
EndGlobal
